
Microsoft Visual Studio Solution File, Format Version 12.00
# Visual Studio 15
VisualStudioVersion = 15.0.28307.757
MinimumVisualStudioVersion = 10.0.40219.1
Project("{FAE04EC0-301F-11D3-BF4B-00C04F79EFBC}") = "WpfSample", "WpfSample\WpfSample.csproj", "{30482747-C9FC-4232-8F49-CECB2D664D14}"
EndProject
Global
	GlobalSection(SolutionConfigurationPlatforms) = preSolution
		Debug|Any CPU = Debug|Any CPU
		Release|Any CPU = Release|Any CPU
	EndGlobalSection
	GlobalSection(ProjectConfigurationPlatforms) = postSolution
		{30482747-C9FC-4232-8F49-CECB2D664D14}.Debug|Any CPU.ActiveCfg = Debug|Any CPU
		{30482747-C9FC-4232-8F49-CECB2D664D14}.Debug|Any CPU.Build.0 = Debug|Any CPU
		{30482747-C9FC-4232-8F49-CECB2D664D14}.Release|Any CPU.ActiveCfg = Release|Any CPU
		{30482747-C9FC-4232-8F49-CECB2D664D14}.Release|Any CPU.Build.0 = Release|Any CPU
	EndGlobalSection
	GlobalSection(SolutionProperties) = preSolution
		HideSolutionNode = FALSE
	EndGlobalSection
	GlobalSection(ExtensibilityGlobals) = postSolution
		SolutionGuid = {957F655A-31A4-419F-8ED8-7A264D93C954}
	EndGlobalSection
EndGlobal
